
Microsoft Visual Studio Solution File, Format Version 12.00
# Visual Studio Version 17
VisualStudioVersion = 17.11.35312.102
MinimumVisualStudioVersion = 10.0.40219.1
Project("{8BC9CEB8-8B4A-11D0-8D11-00A0C91BC942}") = "digit sum calc", "digit sum calc\digit sum calc.vcxproj", "{55196B96-A00A-4B59-82E8-FCF6FCB27032}"
EndProject
Global
	GlobalSection(SolutionConfigurationPlatforms) = preSolution
		Debug|x64 = Debug|x64
		Debug|x86 = Debug|x86
		Release|x64 = Release|x64
		Release|x86 = Release|x86
	EndGlobalSection
	GlobalSection(ProjectConfigurationPlatforms) = postSolution
		{55196B96-A00A-4B59-82E8-FCF6FCB27032}.Debug|x64.ActiveCfg = Debug|x64
		{55196B96-A00A-4B59-82E8-FCF6FCB27032}.Debug|x64.Build.0 = Debug|x64
		{55196B96-A00A-4B59-82E8-FCF6FCB27032}.Debug|x86.ActiveCfg = Debug|Win32
		{55196B96-A00A-4B59-82E8-FCF6FCB27032}.Debug|x86.Build.0 = Debug|Win32
		{55196B96-A00A-4B59-82E8-FCF6FCB27032}.Release|x64.ActiveCfg = Release|x64
		{55196B96-A00A-4B59-82E8-FCF6FCB27032}.Release|x64.Build.0 = Release|x64
		{55196B96-A00A-4B59-82E8-FCF6FCB27032}.Release|x86.ActiveCfg = Release|Win32
		{55196B96-A00A-4B59-82E8-FCF6FCB27032}.Release|x86.Build.0 = Release|Win32
	EndGlobalSection
	GlobalSection(SolutionProperties) = preSolution
		HideSolutionNode = FALSE
	EndGlobalSection
	GlobalSection(ExtensibilityGlobals) = postSolution
		SolutionGuid = {F3C8A991-2807-4B1A-A482-9EE400A49A4E}
	EndGlobalSection
EndGlobal
